{
  "name": "FiscalDOU",
  "lockfileVersion": 3,
  "requires": true,
  "packages": {
    "": {
      "dependencies": {
        "redis": "^5.8.2"
      }
    },
    "node_modules/@redis/bloom": {
      "version": "5.8.2",
      "license": "MIT",
      "engines": {
        "node": ">= 18"
      },
      "peerDependencies": {
        "@redis/client": "^5.8.2"
      }
    },
    "node_modules/@redis/client": {
      "version": "5.8.2",
      "resolved": "https://registry.npmjs.org/@redis/client/-/client-5.8.2.tgz",
      "integrity": "sha512-WtMScno3+eBpTac1Uav2zugXEoXqaU23YznwvFgkPwBQVwEHTDgOG7uEAObtZ/Nyn8SmAMbqkEubJaMOvnqdsQ==",
      "dependencies": {
        "cluster-key-slot": "1.1.2"
      },
      "engines": {
        "node": ">= 18"
      }
    },
    "node_modules/@redis/json": {
      "version": "5.8.2",
      "license": "MIT",
      "engines": {
        "node": ">= 18"
      },
      "peerDependencies": {
        "@redis/client": "^5.8.2"
      }
    },
    "node_modules/@redis/search": {
      "version": "5.8.2",
      "license": "MIT",
      "engines": {
        "node": ">= 18"
      },
      "peerDependencies": {
        "@redis/client": "^5.8.2"
      }
    },
    "node_modules/@redis/time-series": {
      "version": "5.8.2",
      "license": "MIT",
      "engines": {
        "node": ">= 18"
      },
      "peerDependencies": {
        "@redis/client": "^5.8.2"
      }
    },
    "node_modules/cluster-key-slot": {
      "version": "1.1.2",
      "license": "Apache-2.0",
      "engines": {
        "node": ">=0.10.0"
      }
    },
    "node_modules/redis": {
      "version": "5.8.2",
      "resolved": "https://registry.npmjs.org/redis/-/redis-5.8.2.tgz",
      "integrity": "sha512-31vunZj07++Y1vcFGcnNWEf5jPoTkGARgfWI4+Tk55vdwHxhAvug8VEtW7Cx+/h47NuJTEg/JL77zAwC6E0OeA==",
      "dependencies": {
        "@redis/bloom": "5.8.2",
        "@redis/client": "5.8.2",
        "@redis/json": "5.8.2",
        "@redis/search": "5.8.2",
        "@redis/time-series": "5.8.2"
      },
      "engines": {
        "node": ">= 18"
      }
    }
  }
}
